
Microsoft Visual Studio Solution File, Format Version 12.00
# Visual Studio Version 16
VisualStudioVersion = 16.0.31112.23
MinimumVisualStudioVersion = 10.0.40219.1
Project("{FAE04EC0-301F-11D3-BF4B-00C04F79EFBC}") = "WebUI", "WebUI\WebUI.csproj", "{D0B17704-1352-4475-BB36-BFFB56207561}"
EndProject
Global
	GlobalSection(SolutionConfigurationPlatforms) = preSolution
		Debug|Any CPU = Debug|Any CPU
		Release|Any CPU = Release|Any CPU
	EndGlobalSection
	GlobalSection(ProjectConfigurationPlatforms) = postSolution
		{D0B17704-1352-4475-BB36-BFFB56207561}.Debug|Any CPU.ActiveCfg = Debug|Any CPU
		{D0B17704-1352-4475-BB36-BFFB56207561}.Debug|Any CPU.Build.0 = Debug|Any CPU
		{D0B17704-1352-4475-BB36-BFFB56207561}.Release|Any CPU.ActiveCfg = Release|Any CPU
		{D0B17704-1352-4475-BB36-BFFB56207561}.Release|Any CPU.Build.0 = Release|Any CPU
	EndGlobalSection
	GlobalSection(SolutionProperties) = preSolution
		HideSolutionNode = FALSE
	EndGlobalSection
	GlobalSection(ExtensibilityGlobals) = postSolution
		SolutionGuid = {6D0027E1-1779-4242-85E5-61683D5FA4A9}
	EndGlobalSection
EndGlobal
